// !$*UTF8*$!
{
	archiveVersion = 1;
	classes = {
	};
	objectVersion = 46;
	objects = {

/* Begin PBXBuildFile section */
		180F98891EF7967500381388 /* AppDelegate.swift in Sources */ = {isa = PBXBuildFile; fileRef = 180F98881EF7967500381388 /* AppDelegate.swift */; };
		180F988B1EF7967500381388 /* ViewController.swift in Sources */ = {isa = PBXBuildFile; fileRef = 180F988A1EF7967500381388 /* ViewController.swift */; };
		180F988E1EF7967500381388 /* Main.storyboard in Resources */ = {isa = PBXBuildFile; fileRef = 180F988C1EF7967500381388 /* Main.storyboard */; };
		180F98901EF7967500381388 /* Assets.xcassets in Resources */ = {isa = PBXBuildFile; fileRef = 180F988F1EF7967500381388 /* Assets.xcassets */; };
		180F98931EF7967500381388 /* LaunchScreen.storyboard in Resources */ = {isa = PBXBuildFile; fileRef = 180F98911EF7967500381388 /* LaunchScreen.storyboard */; };
		180F989B1EF7992800381388 /* AZQRGenerator.swift in Sources */ = {isa = PBXBuildFile; fileRef = 180F989A1EF7992800381388 /* AZQRGenerator.swift */; };
		180F989D1EF79ABE00381388 /* UIImageView+LoadQRCode.swift in Sources */ = {isa = PBXBuildFile; fileRef = 180F989C1EF79ABE00381388 /* UIImageView+LoadQRCode.swift */; };
/* End PBXBuildFile section */

/* Begin PBXFileReference section */
		180F98851EF7967500381388 /* AZQRGenerator.app */ = {isa = PBXFileReference; explicitFileType = wrapper.application; includeInIndex = 0; path = AZQRGenerator.app; sourceTree = BUILT_PRODUCTS_DIR; };
		180F98881EF7967500381388 /* AppDelegate.swift */ = {isa = PBXFileReference; lastKnownFileType = sourcecode.swift; path = AppDelegate.swift; sourceTree = "<group>"; };
		180F988A1EF7967500381388 /* ViewController.swift */ = {isa = PBXFileReference; lastKnownFileType = sourcecode.swift; path = ViewController.swift; sourceTree = "<group>"; };
		180F988D1EF7967500381388 /* Base */ = {isa = PBXFileReference; lastKnownFileType = file.storyboard; name = Base; path = Base.lproj/Main.storyboard; sourceTree = "<group>"; };
		180F988F1EF7967500381388 /* Assets.xcassets */ = {isa = PBXFileReference; lastKnownFileType = folder.assetcatalog; path = Assets.xcassets; sourceTree = "<group>"; };
		180F98921EF7967500381388 /* Base */ = {isa = PBXFileReference; lastKnownFileType = file.storyboard; name = Base; path = Base.lproj/LaunchScreen.storyboard; sourceTree = "<group>"; };
		180F98941EF7967500381388 /* Info.plist */ = {isa = PBXFileReference; lastKnownFileType = text.plist.xml; path = Info.plist; sourceTree = "<group>"; };
		180F989A1EF7992800381388 /* AZQRGenerator.swift */ = {isa = PBXFileReference; fileEncoding = 4; lastKnownFileType = sourcecode.swift; path = AZQRGenerator.swift; sourceTree = "<group>"; };
		180F989C1EF79ABE00381388 /* UIImageView+LoadQRCode.swift */ = {isa = PBXFileReference; fileEncoding = 4; lastKnownFileType = sourcecode.swift; path = "UIImageView+LoadQRCode.swift"; sourceTree = "<group>"; };
/* End PBXFileReference section */

/* Begin PBXFrameworksBuildPhase section */
		180F98821EF7967500381388 /* Frameworks */ = {
			isa = PBXFrameworksBuildPhase;
			buildActionMask = 2147483647;
			files = (
			);
			runOnlyForDeploymentPostprocessing = 0;
		};
/* End PBXFrameworksBuildPhase section */

/* Begin PBXGroup section */
		180F987C1EF7967500381388 = {
			isa = PBXGroup;
			children = (
				180F98871EF7967500381388 /* AZQRGenerator */,
				180F98861EF7967500381388 /* Products */,
			);
			sourceTree = "<group>";
		};
		180F98861EF7967500381388 /* Products */ = {
			isa = PBXGroup;
			children = (
				180F98851EF7967500381388 /* AZQRGenerator.app */,
			);
			name = Products;
			sourceTree = "<group>";
		};
		180F98871EF7967500381388 /* AZQRGenerator */ = {
			isa = PBXGroup;
			children = (
				180F98881EF7967500381388 /* AppDelegate.swift */,
				180F989A1EF7992800381388 /* AZQRGenerator.swift */,
				180F989C1EF79ABE00381388 /* UIImageView+LoadQRCode.swift */,
				180F988A1EF7967500381388 /* ViewController.swift */,
				180F988C1EF7967500381388 /* Main.storyboard */,
				180F988F1EF7967500381388 /* Assets.xcassets */,
				180F98911EF7967500381388 /* LaunchScreen.storyboard */,
				180F98941EF7967500381388 /* Info.plist */,
			);
			path = AZQRGenerator;
			sourceTree = "<group>";
		};
/* End PBXGroup section */

/* Begin PBXNativeTarget section */
		180F98841EF7967500381388 /* AZQRGenerator */ = {
			isa = PBXNativeTarget;
			buildConfigurationList = 180F98971EF7967500381388 /* Build configuration list for PBXNativeTarget "AZQRGenerator" */;
			buildPhases = (
				180F98811EF7967500381388 /* Sources */,
				180F98821EF7967500381388 /* Frameworks */,
				180F98831EF7967500381388 /* Resources */,
			);
			buildRules = (
			);
			dependencies = (
			);
			name = AZQRGenerator;
			productName = AZQRGenerator;
			productReference = 180F98851EF7967500381388 /* AZQRGenerator.app */;
			productType = "com.apple.product-type.application";
		};
/* End PBXNativeTarget section */

/* Begin PBXProject section */
		180F987D1EF7967500381388 /* Project object */ = {
			isa = PBXProject;
			attributes = {
				LastSwiftUpdateCheck = 0830;
				LastUpgradeCheck = 0830;
				ORGANIZATIONNAME = "Ali Azadeh";
				TargetAttributes = {
					180F98841EF7967500381388 = {
						CreatedOnToolsVersion = 8.3.2;
						ProvisioningStyle = Automatic;
					};
				};
			};
			buildConfigurationList = 180F98801EF7967500381388 /* Build configuration list for PBXProject "AZQRGenerator" */;
			compatibilityVersion = "Xcode 3.2";
			developmentRegion = English;
			hasScannedForEncodings = 0;
			knownRegions = (
				en,
				Base,
			);
			mainGroup = 180F987C1EF7967500381388;
			productRefGroup = 180F98861EF7967500381388 /* Products */;
			projectDirPath = "";
			projectRoot = "";
			targets = (
				180F98841EF7967500381388 /* AZQRGenerator */,
			);
		};
/* End PBXProject section */

/* Begin PBXResourcesBuildPhase section */
		180F98831EF7967500381388 /* Resources */ = {
			isa = PBXResourcesBuildPhase;
			buildActionMask = 2147483647;
			files = (
				180F98931EF7967500381388 /* LaunchScreen.storyboard in Resources */,
				180F98901EF7967500381388 /* Assets.xcassets in Resources */,
				180F988E1EF7967500381388 /* Main.storyboard in Resources */,
			);
			runOnlyForDeploymentPostprocessing = 0;
		};
/* End PBXResourcesBuildPhase section */

/* Begin PBXSourcesBuildPhase section */
		180F98811EF7967500381388 /* Sources */ = {
			isa = PBXSourcesBuildPhase;
			buildActionMask = 2147483647;
			files = (
				180F989D1EF79ABE00381388 /* UIImageView+LoadQRCode.swift in Sources */,
				180F988B1EF7967500381388 /* ViewController.swift in Sources */,
				180F98891EF7967500381388 /* AppDelegate.swift in Sources */,
				180F989B1EF7992800381388 /* AZQRGenerator.swift in Sources */,
			);
			runOnlyForDeploymentPostprocessing = 0;
		};
/* End PBXSourcesBuildPhase section */

/* Begin PBXVariantGroup section */
		180F988C1EF7967500381388 /* Main.storyboard */ = {
			isa = PBXVariantGroup;
			children = (
				180F988D1EF7967500381388 /* Base */,
			);
			name = Main.storyboard;
			sourceTree = "<group>";
		};
		180F98911EF7967500381388 /* LaunchScreen.storyboard */ = {
			isa = PBXVariantGroup;
			children = (
				180F98921EF7967500381388 /* Base */,
			);
			name = LaunchScreen.storyboard;
			sourceTree = "<group>";
		};
/* End PBXVariantGroup section */

/* Begin XCBuildConfiguration section */
		180F98951EF7967500381388 /* Debug */ = {
			isa = XCBuildConfiguration;
			buildSettings = {
				ALWAYS_SEARCH_USER_PATHS = NO;
				CLANG_ANALYZER_NONNULL = YES;
				CLANG_ANALYZER_NUMBER_OBJECT_CONVERSION = YES_AGGRESSIVE;
				CLANG_CXX_LANGUAGE_STANDARD = "gnu++0x";
				CLANG_CXX_LIBRARY = "libc++";
				CLANG_ENABLE_MODULES = YES;
				CLANG_ENABLE_OBJC_ARC = YES;
				CLANG_WARN_BOOL_CONVERSION = YES;
				CLANG_WARN_CONSTANT_CONVERSION = YES;
				CLANG_WARN_DIRECT_OBJC_ISA_USAGE = YES_ERROR;
				CLANG_WARN_DOCUMENTATION_COMMENTS = YES;
				CLANG_WARN_EMPTY_BODY = YES;
				CLANG_WARN_ENUM_CONVERSION = YES;
				CLANG_WARN_INFINITE_RECURSION = YES;
				CLANG_WARN_INT_CONVERSION = YES;
				CLANG_WARN_OBJC_ROOT_CLASS = YES_ERROR;
				CLANG_WARN_SUSPICIOUS_MOVE = YES;
				CLANG_WARN_UNREACHABLE_CODE = YES;
				CLANG_WARN__DUPLICATE_METHOD_MATCH = YES;
				"CODE_SIGN_IDENTITY[sdk=iphoneos*]" = "iPhone Developer";
				COPY_PHASE_STRIP = NO;
				DEBUG_INFORMATION_FORMAT = dwarf;
				ENABLE_STRICT_OBJC_MSGSEND = YES;
				ENABLE_TESTABILITY = YES;
				GCC_C_LANGUAGE_STANDARD = gnu99;
				GCC_DYNAMIC_NO_PIC = NO;
				GCC_NO_COMMON_BLOCKS = YES;
				GCC_OPTIMIZATION_LEVEL = 0;
				GCC_PREPROCESSOR_DEFINITIONS = (
					"DEBUG=1",
					"$(inherited)",
				);
				GCC_WARN_64_TO_32_BIT_CONVERSION = YES;
				GCC_WARN_ABOUT_RETURN_TYPE = YES_ERROR;
				GCC_WARN_UNDECLARED_SELECTOR = YES;
				GCC_WARN_UNINITIALIZED_AUTOS = YES_AGGRESSIVE;
				GCC_WARN_UNUSED_FUNCTION = YES;
				GCC_WARN_UNUSED_VARIABLE = YES;
				IPHONEOS_DEPLOYMENT_TARGET = 10.3;
				MTL_ENABLE_DEBUG_INFO = YES;
				ONLY_ACTIVE_ARCH = YES;
				SDKROOT = iphoneos;
				SWIFT_ACTIVE_COMPILATION_CONDITIONS = DEBUG;
				SWIFT_OPTIMIZATION_LEVEL = "-Onone";
			};
			name = Debug;
		};
		180F98961EF7967500381388 /* Release */ = {
			isa = XCBuildConfiguration;
			buildSettings = {
				ALWAYS_SEARCH_USER_PATHS = NO;
				CLANG_ANALYZER_NONNULL = YES;
				CLANG_ANALYZER_NUMBER_OBJECT_CONVERSION = YES_AGGRESSIVE;
				CLANG_CXX_LANGUAGE_STANDARD = "gnu++0x";
				CLANG_CXX_LIBRARY = "libc++";
				CLANG_ENABLE_MODULES = YES;
				CLANG_ENABLE_OBJC_ARC = YES;
				CLANG_WARN_BOOL_CONVERSION = YES;
				CLANG_WARN_CONSTANT_CONVERSION = YES;
				CLANG_WARN_DIRECT_OBJC_ISA_USAGE = YES_ERROR;
				CLANG_WARN_DOCUMENTATION_COMMENTS = YES;
				CLANG_WARN_EMPTY_BODY = YES;
				CLANG_WARN_ENUM_CONVERSION = YES;
				CLANG_WARN_INFINITE_RECURSION = YES;
				CLANG_WARN_INT_CONVERSION = YES;
				CLANG_WARN_OBJC_ROOT_CLASS = YES_ERROR;
				CLANG_WARN_SUSPICIOUS_MOVE = YES;
				CLANG_WARN_UNREACHABLE_CODE = YES;
				CLANG_WARN__DUPLICATE_METHOD_MATCH = YES;
				"CODE_SIGN_IDENTITY[sdk=iphoneos*]" = "iPhone Developer";
				COPY_PHASE_STRIP = NO;
				DEBUG_INFORMATION_FORMAT = "dwarf-with-dsym";
				ENABLE_NS_ASSERTIONS = NO;
				ENABLE_STRICT_OBJC_MSGSEND = YES;
				GCC_C_LANGUAGE_STANDARD = gnu99;
				GCC_NO_COMMON_BLOCKS = YES;
				GCC_WARN_64_TO_32_BIT_CONVERSION = YES;
				GCC_WARN_ABOUT_RETURN_TYPE = YES_ERROR;
				GCC_WARN_UNDECLARED_SELECTOR = YES;
				GCC_WARN_UNINITIALIZED_AUTOS = YES_AGGRESSIVE;
				GCC_WARN_UNUSED_FUNCTION = YES;
				GCC_WARN_UNUSED_VARIABLE = YES;
				IPHONEOS_DEPLOYMENT_TARGET = 10.3;
				MTL_ENABLE_DEBUG_INFO = NO;
				SDKROOT = iphoneos;
				SWIFT_OPTIMIZATION_LEVEL = "-Owholemodule";
				VALIDATE_PRODUCT = YES;
			};
			name = Release;
		};
		180F98981EF7967500381388 /* Debug */ = {
			isa = XCBuildConfiguration;
			buildSettings = {
				ASSETCATALOG_COMPILER_APPICON_NAME = AppIcon;
				INFOPLIST_FILE = AZQRGenerator/Info.plist;
				LD_RUNPATH_SEARCH_PATHS = "$(inherited) @executable_path/Frameworks";
				PRODUCT_BUNDLE_IDENTIFIER = me.aliazadeh.AZQRGenerator;
				PRODUCT_NAME = "$(TARGET_NAME)";
				SWIFT_VERSION = 3.0;
			};
			name = Debug;
		};
		180F98991EF7967500381388 /* Release */ = {
			isa = XCBuildConfiguration;
			buildSettings = {
				ASSETCATALOG_COMPILER_APPICON_NAME = AppIcon;
				INFOPLIST_FILE = AZQRGenerator/Info.plist;
				LD_RUNPATH_SEARCH_PATHS = "$(inherited) @executable_path/Frameworks";
				PRODUCT_BUNDLE_IDENTIFIER = me.aliazadeh.AZQRGenerator;
				PRODUCT_NAME = "$(TARGET_NAME)";
				SWIFT_VERSION = 3.0;
			};
			name = Release;
		};
/* End XCBuildConfiguration section */

/* Begin XCConfigurationList section */
		180F98801EF7967500381388 /* Build configuration list for PBXProject "AZQRGenerator" */ = {
			isa = XCConfigurationList;
			buildConfigurations = (
				180F98951EF7967500381388 /* Debug */,
				180F98961EF7967500381388 /* Release */,
			);
			defaultConfigurationIsVisible = 0;
			defaultConfigurationName = Release;
		};
		180F98971EF7967500381388 /* Build configuration list for PBXNativeTarget "AZQRGenerator" */ = {
			isa = XCConfigurationList;
			buildConfigurations = (
				180F98981EF7967500381388 /* Debug */,
				180F98991EF7967500381388 /* Release */,
			);
			defaultConfigurationIsVisible = 0;
		};
/* End XCConfigurationList section */
	};
	rootObject = 180F987D1EF7967500381388 /* Project object */;
}
